
Microsoft Visual Studio Solution File, Format Version 12.00
# Visual Studio Version 17
VisualStudioVersion = 17.0.32002.185
MinimumVisualStudioVersion = 10.0.40219.1
Project("{FAE04EC0-301F-11D3-BF4B-00C04F79EFBC}") = "ASP.Net FrameworkMVC Week5", "ASP.Net FrameworkMVC Week5\ASP.Net FrameworkMVC Week5.csproj", "{693D2F17-89AC-46E3-9D8F-22D5C1AB88E1}"
EndProject
Global
	GlobalSection(SolutionConfigurationPlatforms) = preSolution
		Debug|Any CPU = Debug|Any CPU
		Release|Any CPU = Release|Any CPU
	EndGlobalSection
	GlobalSection(ProjectConfigurationPlatforms) = postSolution
		{693D2F17-89AC-46E3-9D8F-22D5C1AB88E1}.Debug|Any CPU.ActiveCfg = Debug|Any CPU
		{693D2F17-89AC-46E3-9D8F-22D5C1AB88E1}.Debug|Any CPU.Build.0 = Debug|Any CPU
		{693D2F17-89AC-46E3-9D8F-22D5C1AB88E1}.Release|Any CPU.ActiveCfg = Release|Any CPU
		{693D2F17-89AC-46E3-9D8F-22D5C1AB88E1}.Release|Any CPU.Build.0 = Release|Any CPU
	EndGlobalSection
	GlobalSection(SolutionProperties) = preSolution
		HideSolutionNode = FALSE
	EndGlobalSection
	GlobalSection(ExtensibilityGlobals) = postSolution
		SolutionGuid = {F462F515-3247-4408-A63F-8A0AC9845176}
	EndGlobalSection
EndGlobal
